
Microsoft Visual Studio Solution File, Format Version 12.00
# Visual Studio Version 17
VisualStudioVersion = 17.0.31903.59
MinimumVisualStudioVersion = 10.0.40219.1
Project("{FAE04EC0-301F-11D3-BF4B-00C04F79EFBC}") = "API", "API\API.csproj", "{1C8A3926-F300-4A46-93DE-B761C0B79C2B}"
EndProject
Project("{FAE04EC0-301F-11D3-BF4B-00C04F79EFBC}") = "Application", "Application\Application.csproj", "{404E4844-2EF0-4639-904E-1804D9578F57}"
EndProject
Project("{FAE04EC0-301F-11D3-BF4B-00C04F79EFBC}") = "Domain", "Domain\Domain.csproj", "{B1E28D7E-EE67-4B5A-80D3-DEA49E3D11C6}"
EndProject
Project("{FAE04EC0-301F-11D3-BF4B-00C04F79EFBC}") = "Persistence", "Persistence\Persistence.csproj", "{1A5DC83D-E6ED-4191-95A3-977AF1A5C67E}"
EndProject
Global
	GlobalSection(SolutionConfigurationPlatforms) = preSolution
		Debug|Any CPU = Debug|Any CPU
		Release|Any CPU = Release|Any CPU
	EndGlobalSection
	GlobalSection(SolutionProperties) = preSolution
		HideSolutionNode = FALSE
	EndGlobalSection
	GlobalSection(ProjectConfigurationPlatforms) = postSolution
		{1C8A3926-F300-4A46-93DE-B761C0B79C2B}.Debug|Any CPU.ActiveCfg = Debug|Any CPU
		{1C8A3926-F300-4A46-93DE-B761C0B79C2B}.Debug|Any CPU.Build.0 = Debug|Any CPU
		{1C8A3926-F300-4A46-93DE-B761C0B79C2B}.Release|Any CPU.ActiveCfg = Release|Any CPU
		{1C8A3926-F300-4A46-93DE-B761C0B79C2B}.Release|Any CPU.Build.0 = Release|Any CPU
		{404E4844-2EF0-4639-904E-1804D9578F57}.Debug|Any CPU.ActiveCfg = Debug|Any CPU
		{404E4844-2EF0-4639-904E-1804D9578F57}.Debug|Any CPU.Build.0 = Debug|Any CPU
		{404E4844-2EF0-4639-904E-1804D9578F57}.Release|Any CPU.ActiveCfg = Release|Any CPU
		{404E4844-2EF0-4639-904E-1804D9578F57}.Release|Any CPU.Build.0 = Release|Any CPU
		{B1E28D7E-EE67-4B5A-80D3-DEA49E3D11C6}.Debug|Any CPU.ActiveCfg = Debug|Any CPU
		{B1E28D7E-EE67-4B5A-80D3-DEA49E3D11C6}.Debug|Any CPU.Build.0 = Debug|Any CPU
		{B1E28D7E-EE67-4B5A-80D3-DEA49E3D11C6}.Release|Any CPU.ActiveCfg = Release|Any CPU
		{B1E28D7E-EE67-4B5A-80D3-DEA49E3D11C6}.Release|Any CPU.Build.0 = Release|Any CPU
		{1A5DC83D-E6ED-4191-95A3-977AF1A5C67E}.Debug|Any CPU.ActiveCfg = Debug|Any CPU
		{1A5DC83D-E6ED-4191-95A3-977AF1A5C67E}.Debug|Any CPU.Build.0 = Debug|Any CPU
		{1A5DC83D-E6ED-4191-95A3-977AF1A5C67E}.Release|Any CPU.ActiveCfg = Release|Any CPU
		{1A5DC83D-E6ED-4191-95A3-977AF1A5C67E}.Release|Any CPU.Build.0 = Release|Any CPU
	EndGlobalSection
EndGlobal
